
Microsoft Visual Studio Solution File, Format Version 12.00
# Visual Studio Version 17
VisualStudioVersion = 17.0.31903.59
MinimumVisualStudioVersion = 10.0.40219.1
Project("{2150E333-8FDC-42A3-9474-1A3956D46DE8}") = "storage-sample", "storage-sample", "{0F58F50F-2221-8BB4-41FC-287ED71F91FD}"
EndProject
Project("{FAE04EC0-301F-11D3-BF4B-00C04F79EFBC}") = "Contoso.Documents", "storage-sample\Contoso.Documents.csproj", "{49C123C1-8F60-42B7-B2D3-675BE24C794A}"
EndProject
Project("{2150E333-8FDC-42A3-9474-1A3956D46DE8}") = "tests", "tests", "{0AB3BF05-4346-4AA6-1389-037BE0695223}"
EndProject
Project("{FAE04EC0-301F-11D3-BF4B-00C04F79EFBC}") = "Contoso.Documents.Tests", "tests\Contoso.Documents.Tests\Contoso.Documents.Tests.csproj", "{82C6BB8E-A41C-44D6-99B2-3916768E41BD}"
EndProject
Global
	GlobalSection(SolutionConfigurationPlatforms) = preSolution
		Debug|Any CPU = Debug|Any CPU
		Debug|x64 = Debug|x64
		Debug|x86 = Debug|x86
		Release|Any CPU = Release|Any CPU
		Release|x64 = Release|x64
		Release|x86 = Release|x86
	EndGlobalSection
	GlobalSection(ProjectConfigurationPlatforms) = postSolution
		{49C123C1-8F60-42B7-B2D3-675BE24C794A}.Debug|Any CPU.ActiveCfg = Debug|Any CPU
		{49C123C1-8F60-42B7-B2D3-675BE24C794A}.Debug|Any CPU.Build.0 = Debug|Any CPU
		{49C123C1-8F60-42B7-B2D3-675BE24C794A}.Debug|x64.ActiveCfg = Debug|Any CPU
		{49C123C1-8F60-42B7-B2D3-675BE24C794A}.Debug|x64.Build.0 = Debug|Any CPU
		{49C123C1-8F60-42B7-B2D3-675BE24C794A}.Debug|x86.ActiveCfg = Debug|Any CPU
		{49C123C1-8F60-42B7-B2D3-675BE24C794A}.Debug|x86.Build.0 = Debug|Any CPU
		{49C123C1-8F60-42B7-B2D3-675BE24C794A}.Release|Any CPU.ActiveCfg = Release|Any CPU
		{49C123C1-8F60-42B7-B2D3-675BE24C794A}.Release|Any CPU.Build.0 = Release|Any CPU
		{49C123C1-8F60-42B7-B2D3-675BE24C794A}.Release|x64.ActiveCfg = Release|Any CPU
		{49C123C1-8F60-42B7-B2D3-675BE24C794A}.Release|x64.Build.0 = Release|Any CPU
		{49C123C1-8F60-42B7-B2D3-675BE24C794A}.Release|x86.ActiveCfg = Release|Any CPU
		{49C123C1-8F60-42B7-B2D3-675BE24C794A}.Release|x86.Build.0 = Release|Any CPU
		{82C6BB8E-A41C-44D6-99B2-3916768E41BD}.Debug|Any CPU.ActiveCfg = Debug|Any CPU
		{82C6BB8E-A41C-44D6-99B2-3916768E41BD}.Debug|Any CPU.Build.0 = Debug|Any CPU
		{82C6BB8E-A41C-44D6-99B2-3916768E41BD}.Debug|x64.ActiveCfg = Debug|Any CPU
		{82C6BB8E-A41C-44D6-99B2-3916768E41BD}.Debug|x64.Build.0 = Debug|Any CPU
		{82C6BB8E-A41C-44D6-99B2-3916768E41BD}.Debug|x86.ActiveCfg = Debug|Any CPU
		{82C6BB8E-A41C-44D6-99B2-3916768E41BD}.Debug|x86.Build.0 = Debug|Any CPU
		{82C6BB8E-A41C-44D6-99B2-3916768E41BD}.Release|Any CPU.ActiveCfg = Release|Any CPU
		{82C6BB8E-A41C-44D6-99B2-3916768E41BD}.Release|Any CPU.Build.0 = Release|Any CPU
		{82C6BB8E-A41C-44D6-99B2-3916768E41BD}.Release|x64.ActiveCfg = Release|Any CPU
		{82C6BB8E-A41C-44D6-99B2-3916768E41BD}.Release|x64.Build.0 = Release|Any CPU
		{82C6BB8E-A41C-44D6-99B2-3916768E41BD}.Release|x86.ActiveCfg = Release|Any CPU
		{82C6BB8E-A41C-44D6-99B2-3916768E41BD}.Release|x86.Build.0 = Release|Any CPU
	EndGlobalSection
	GlobalSection(SolutionProperties) = preSolution
		HideSolutionNode = FALSE
	EndGlobalSection
	GlobalSection(NestedProjects) = preSolution
		{49C123C1-8F60-42B7-B2D3-675BE24C794A} = {0F58F50F-2221-8BB4-41FC-287ED71F91FD}
		{82C6BB8E-A41C-44D6-99B2-3916768E41BD} = {0AB3BF05-4346-4AA6-1389-037BE0695223}
	EndGlobalSection
EndGlobal
